
Microsoft Visual Studio Solution File, Format Version 12.00
# Visual Studio Version 16
VisualStudioVersion = 16.0.31911.196
MinimumVisualStudioVersion = 10.0.40219.1
Project("{8BC9CEB8-8B4A-11D0-8D11-00A0C91BC942}") = "lc04_contains_duplicate", "lc04_contains_duplicate.vcxproj", "{00B866FB-6CF9-47DD-A398-3E5EB8A6ECF6}"
EndProject
Global
	GlobalSection(SolutionConfigurationPlatforms) = preSolution
		Debug|x64 = Debug|x64
		Debug|x86 = Debug|x86
		Release|x64 = Release|x64
		Release|x86 = Release|x86
	EndGlobalSection
	GlobalSection(ProjectConfigurationPlatforms) = postSolution
		{00B866FB-6CF9-47DD-A398-3E5EB8A6ECF6}.Debug|x64.ActiveCfg = Debug|x64
		{00B866FB-6CF9-47DD-A398-3E5EB8A6ECF6}.Debug|x64.Build.0 = Debug|x64
		{00B866FB-6CF9-47DD-A398-3E5EB8A6ECF6}.Debug|x86.ActiveCfg = Debug|Win32
		{00B866FB-6CF9-47DD-A398-3E5EB8A6ECF6}.Debug|x86.Build.0 = Debug|Win32
		{00B866FB-6CF9-47DD-A398-3E5EB8A6ECF6}.Release|x64.ActiveCfg = Release|x64
		{00B866FB-6CF9-47DD-A398-3E5EB8A6ECF6}.Release|x64.Build.0 = Release|x64
		{00B866FB-6CF9-47DD-A398-3E5EB8A6ECF6}.Release|x86.ActiveCfg = Release|Win32
		{00B866FB-6CF9-47DD-A398-3E5EB8A6ECF6}.Release|x86.Build.0 = Release|Win32
	EndGlobalSection
	GlobalSection(SolutionProperties) = preSolution
		HideSolutionNode = FALSE
	EndGlobalSection
	GlobalSection(ExtensibilityGlobals) = postSolution
		SolutionGuid = {B0A0EE7E-A422-424B-B34D-1CC5A2E8EFB6}
	EndGlobalSection
EndGlobal
